{
  "name": "react-native-maps-router-boilerplate",
  "version": "0.1.0",
  "lockfileVersion": 1,
  "requires": true,
  "dependencies": {
    "js-tokens": {
      "version": "3.0.2",
      "resolved": "https://registry.npmjs.org/js-tokens/-/js-tokens-3.0.2.tgz",
      "integrity": "sha1-mGbfOVECEw449/mWvOtlRDIJwls="
    },
    "lodash.debounce": {
      "version": "4.0.8",
      "resolved": "https://registry.npmjs.org/lodash.debounce/-/lodash.debounce-4.0.8.tgz",
      "integrity": "sha1-gteb/zCmfEAF/9XiUVMArZyk168="
    },
    "loose-envify": {
      "version": "1.3.1",
      "resolved": "https://registry.npmjs.org/loose-envify/-/loose-envify-1.3.1.tgz",
      "integrity": "sha1-0aitM/qc4OcT1l/dCsi3SNR4yEg=",
      "requires": {
        "js-tokens": "3.0.2"
      }
    },
    "object-assign": {
      "version": "4.1.1",
      "resolved": "https://registry.npmjs.org/object-assign/-/object-assign-4.1.1.tgz",
      "integrity": "sha1-IQmtx5ZYh8/AXLvUQsrIv7s2CGM="
    },
    "prop-types": {
      "version": "15.6.2",
      "resolved": "https://registry.npmjs.org/prop-types/-/prop-types-15.6.2.tgz",
      "integrity": "sha512-3pboPvLiWD7dkI3qf3KbUe6hKFKa52w+AE0VCqECtf+QHAKgOL37tTaNCnuX1nAAQ4ZhyP+kYVKf8rLmJ/feDQ==",
      "requires": {
        "loose-envify": "1.3.1",
        "object-assign": "4.1.1"
      }
    },
    "qs": {
      "version": "5.2.1",
      "resolved": "https://registry.npmjs.org/qs/-/qs-5.2.1.tgz",
      "integrity": "sha1-gB/uAw4LlFDWOFrcSKTMVbRK7fw="
    },
    "react-native-google-places-autocomplete": {
      "version": "1.3.6",
      "resolved": "https://registry.npmjs.org/react-native-google-places-autocomplete/-/react-native-google-places-autocomplete-1.3.6.tgz",
      "integrity": "sha512-uhaaUen6fflkr1svlrrKVhn+K0d0rgo10FKQhMPB6wS/5h4jKWHAWGGEBWmzjGMHru681YCcwR3hJJEeML0Oig==",
      "requires": {
        "lodash.debounce": "4.0.8",
        "prop-types": "15.6.2",
        "qs": "5.2.1"
      }
    }
  }
}
